
Microsoft Visual Studio Solution File, Format Version 12.00
# Visual Studio Version 16
VisualStudioVersion = 16.0.30114.105
MinimumVisualStudioVersion = 10.0.40219.1
Project("{FAE04EC0-301F-11D3-BF4B-00C04F79EFBC}") = "API", "API\API.csproj", "{ED33819A-033E-484C-ACA6-8EBCC2E5695A}"
EndProject
Project("{FAE04EC0-301F-11D3-BF4B-00C04F79EFBC}") = "Core", "core\Core.csproj", "{B9B74816-4245-46F9-94F9-D91655AF231F}"
EndProject
Project("{FAE04EC0-301F-11D3-BF4B-00C04F79EFBC}") = "Infrastructure", "Infrastructure\Infrastructure.csproj", "{892A77B0-5E4D-486F-A269-D2D2F4EB7B1D}"
EndProject
Global
	GlobalSection(SolutionConfigurationPlatforms) = preSolution
		Debug|Any CPU = Debug|Any CPU
		Debug|x64 = Debug|x64
		Debug|x86 = Debug|x86
		Release|Any CPU = Release|Any CPU
		Release|x64 = Release|x64
		Release|x86 = Release|x86
	EndGlobalSection
	GlobalSection(SolutionProperties) = preSolution
		HideSolutionNode = FALSE
	EndGlobalSection
	GlobalSection(ProjectConfigurationPlatforms) = postSolution
		{ED33819A-033E-484C-ACA6-8EBCC2E5695A}.Debug|Any CPU.ActiveCfg = Debug|Any CPU
		{ED33819A-033E-484C-ACA6-8EBCC2E5695A}.Debug|Any CPU.Build.0 = Debug|Any CPU
		{ED33819A-033E-484C-ACA6-8EBCC2E5695A}.Debug|x64.ActiveCfg = Debug|Any CPU
		{ED33819A-033E-484C-ACA6-8EBCC2E5695A}.Debug|x64.Build.0 = Debug|Any CPU
		{ED33819A-033E-484C-ACA6-8EBCC2E5695A}.Debug|x86.ActiveCfg = Debug|Any CPU
		{ED33819A-033E-484C-ACA6-8EBCC2E5695A}.Debug|x86.Build.0 = Debug|Any CPU
		{ED33819A-033E-484C-ACA6-8EBCC2E5695A}.Release|Any CPU.ActiveCfg = Release|Any CPU
		{ED33819A-033E-484C-ACA6-8EBCC2E5695A}.Release|Any CPU.Build.0 = Release|Any CPU
		{ED33819A-033E-484C-ACA6-8EBCC2E5695A}.Release|x64.ActiveCfg = Release|Any CPU
		{ED33819A-033E-484C-ACA6-8EBCC2E5695A}.Release|x64.Build.0 = Release|Any CPU
		{ED33819A-033E-484C-ACA6-8EBCC2E5695A}.Release|x86.ActiveCfg = Release|Any CPU
		{ED33819A-033E-484C-ACA6-8EBCC2E5695A}.Release|x86.Build.0 = Release|Any CPU
		{B9B74816-4245-46F9-94F9-D91655AF231F}.Debug|Any CPU.ActiveCfg = Debug|Any CPU
		{B9B74816-4245-46F9-94F9-D91655AF231F}.Debug|Any CPU.Build.0 = Debug|Any CPU
		{B9B74816-4245-46F9-94F9-D91655AF231F}.Debug|x64.ActiveCfg = Debug|Any CPU
		{B9B74816-4245-46F9-94F9-D91655AF231F}.Debug|x64.Build.0 = Debug|Any CPU
		{B9B74816-4245-46F9-94F9-D91655AF231F}.Debug|x86.ActiveCfg = Debug|Any CPU
		{B9B74816-4245-46F9-94F9-D91655AF231F}.Debug|x86.Build.0 = Debug|Any CPU
		{B9B74816-4245-46F9-94F9-D91655AF231F}.Release|Any CPU.ActiveCfg = Release|Any CPU
		{B9B74816-4245-46F9-94F9-D91655AF231F}.Release|Any CPU.Build.0 = Release|Any CPU
		{B9B74816-4245-46F9-94F9-D91655AF231F}.Release|x64.ActiveCfg = Release|Any CPU
		{B9B74816-4245-46F9-94F9-D91655AF231F}.Release|x64.Build.0 = Release|Any CPU
		{B9B74816-4245-46F9-94F9-D91655AF231F}.Release|x86.ActiveCfg = Release|Any CPU
		{B9B74816-4245-46F9-94F9-D91655AF231F}.Release|x86.Build.0 = Release|Any CPU
		{892A77B0-5E4D-486F-A269-D2D2F4EB7B1D}.Debug|Any CPU.ActiveCfg = Debug|Any CPU
		{892A77B0-5E4D-486F-A269-D2D2F4EB7B1D}.Debug|Any CPU.Build.0 = Debug|Any CPU
		{892A77B0-5E4D-486F-A269-D2D2F4EB7B1D}.Debug|x64.ActiveCfg = Debug|Any CPU
		{892A77B0-5E4D-486F-A269-D2D2F4EB7B1D}.Debug|x64.Build.0 = Debug|Any CPU
		{892A77B0-5E4D-486F-A269-D2D2F4EB7B1D}.Debug|x86.ActiveCfg = Debug|Any CPU
		{892A77B0-5E4D-486F-A269-D2D2F4EB7B1D}.Debug|x86.Build.0 = Debug|Any CPU
		{892A77B0-5E4D-486F-A269-D2D2F4EB7B1D}.Release|Any CPU.ActiveCfg = Release|Any CPU
		{892A77B0-5E4D-486F-A269-D2D2F4EB7B1D}.Release|Any CPU.Build.0 = Release|Any CPU
		{892A77B0-5E4D-486F-A269-D2D2F4EB7B1D}.Release|x64.ActiveCfg = Release|Any CPU
		{892A77B0-5E4D-486F-A269-D2D2F4EB7B1D}.Release|x64.Build.0 = Release|Any CPU
		{892A77B0-5E4D-486F-A269-D2D2F4EB7B1D}.Release|x86.ActiveCfg = Release|Any CPU
		{892A77B0-5E4D-486F-A269-D2D2F4EB7B1D}.Release|x86.Build.0 = Release|Any CPU
	EndGlobalSection
EndGlobal
